
Microsoft Visual Studio Solution File, Format Version 12.00
# Visual Studio 14
VisualStudioVersion = 14.0.24720.0
MinimumVisualStudioVersion = 10.0.40219.1
Project("{FAE04EC0-301F-11D3-BF4B-00C04F79EFBC}") = "eksiParser", "eksiParser\eksiParser.csproj", "{1863BCF9-D28F-49F8-9FD3-22A2771F9D38}"
EndProject
Project("{54435603-DBB4-11D2-8724-00A0C9A8B90C}") = "EksiParserSetup1", "EksiParserSetup1\EksiParserSetup1.vdproj", "{490D620D-C407-459A-B5C1-738686DBC477}"
EndProject
Global
	GlobalSection(SolutionConfigurationPlatforms) = preSolution
		Debug|Any CPU = Debug|Any CPU
		Release|Any CPU = Release|Any CPU
	EndGlobalSection
	GlobalSection(ProjectConfigurationPlatforms) = postSolution
		{1863BCF9-D28F-49F8-9FD3-22A2771F9D38}.Debug|Any CPU.ActiveCfg = Release|Any CPU
		{1863BCF9-D28F-49F8-9FD3-22A2771F9D38}.Debug|Any CPU.Build.0 = Release|Any CPU
		{1863BCF9-D28F-49F8-9FD3-22A2771F9D38}.Release|Any CPU.ActiveCfg = Debug|Any CPU
		{1863BCF9-D28F-49F8-9FD3-22A2771F9D38}.Release|Any CPU.Build.0 = Debug|Any CPU
		{490D620D-C407-459A-B5C1-738686DBC477}.Debug|Any CPU.ActiveCfg = Debug
		{490D620D-C407-459A-B5C1-738686DBC477}.Release|Any CPU.ActiveCfg = Release
	EndGlobalSection
	GlobalSection(SolutionProperties) = preSolution
		HideSolutionNode = FALSE
	EndGlobalSection
EndGlobal
